{
    "_readme": [
        "This file locks the dependencies of your project to a known state",
        "Read more about it at https://getcomposer.org/doc/01-basic-usage.md#installing-dependencies",
        "This file is @generated automatically"
    ],
    "content-hash": "8776a5e8a746365cde543d3be1efee1f",
    "packages": [
        {
            "name": "thedudeguy/rcon",
            "version": "dev-master",
            "source": {
                "type": "git",
                "url": "https://github.com/thedudeguy/PHP-Minecraft-Rcon.git",
                "reference": "ed462086494919de5759c573dbbedc652e99cea5"
            },
            "dist": {
                "type": "zip",
                "url": "https://api.github.com/repos/thedudeguy/PHP-Minecraft-Rcon/zipball/ed462086494919de5759c573dbbedc652e99cea5",
                "reference": "ed462086494919de5759c573dbbedc652e99cea5",
                "shasum": ""
            },
            "default-branch": true,
            "type": "library",
            "autoload": {
                "psr-4": {
                    "Thedudeguy\\": "src/"
                }
            },
            "notification-url": "https://packagist.org/downloads/",
            "license": [
                "MIT"
            ],
            "authors": [
                {
                    "name": "Chris Churchwell",
                    "email": "chris@chrischurchwell.com",
                    "homepage": "http://chrischurchwell.com"
                }
            ],
            "description": "Simple Rcon class for php.",
            "homepage": "https://github.com/thedudeguy/PHP-Minecraft-Rcon",
            "keywords": [
                "minecraft",
                "rcon"
            ],
            "support": {
                "issues": "https://github.com/thedudeguy/PHP-Minecraft-Rcon/issues",
                "source": "https://github.com/thedudeguy/PHP-Minecraft-Rcon/tree/master"
            },
            "time": "2017-09-22T13:28:33+00:00"
        }
    ],
    "packages-dev": [],
    "aliases": [],
    "minimum-stability": "dev",
    "stability-flags": {
        "thedudeguy/rcon": 20
    },
    "prefer-stable": false,
    "prefer-lowest": false,
    "platform": {
        "php": "^7.4.27"
    },
    "platform-dev": [],
    "plugin-api-version": "2.3.0"
}
